# @generated by Move, please check-in and do not edit manually.

[move]
version = 2
manifest_digest = "7A932FC6FF1F6B594BDEB29C6966A86BF028DC58F039A2923FE82B5DF4F58667"
deps_digest = "F8BBB0CCB2491CA29A3DF03D6F92277A4F3574266507ACD77214D37ECA3F3082"
dependencies = [
  { name = "Sui" },
]

[[move.package]]
name = "MoveStdlib"
source = { git = "https://github.com/MystenLabs/sui.git", rev = "framework/devnet", subdir = "crates/sui-framework/packages/move-stdlib" }

[[move.package]]
name = "Sui"
source = { git = "https://github.com/MystenLabs/sui.git", rev = "framework/devnet", subdir = "crates/sui-framework/packages/sui-framework" }

dependencies = [
  { name = "MoveStdlib" },
]

[move.toolchain-version]
compiler-version = "1.30.0"
edition = "2024.beta"
flavor = "sui"

[env]

[env.devnet]
chain-id = "ad2d3cb8"
original-published-id = "0x989111ab58677ffbd5a8353431757ccf8cc405391e944d4a94f0853cdf6969d8"
latest-published-id = "0x989111ab58677ffbd5a8353431757ccf8cc405391e944d4a94f0853cdf6969d8"
published-version = "1"
